<?xml version="1.0" encoding="utf-8"?>
<Project ToolsVersion="4.0" xmlns="http://schemas.microsoft.com/developer/msbuild/2003">
  <ItemGroup>
    <Filter Include="Source Files">
      <UniqueIdentifier>{A7B06A4F-2138-4C87-AFD3-C03AE04EC08A}</UniqueIdentifier>
      <Extensions>cpp;c;cc;cxx;def;odl;idl;hpj;bat;asm;asmx</Extensions>
    </Filter>
    <Filter Include="Header Files">
      <UniqueIdentifier>{FAD864EE-DD3D-4456-B624-61E1DC0E8B70}</UniqueIdentifier>
      <Extensions>h;hh;hpp;hxx;hm;inl;inc;xsd</Extensions>
    </Filter>
    <Filter Include="Resource Files">
      <UniqueIdentifier>{95CDA7D8-2538-4CCA-922A-488132EF12E9}</UniqueIdentifier>
      <Extensions>rc;ico;cur;bmp;dlg;rc2;rct;bin;rgs;gif;jpg;jpeg;jpe;resx;tiff;tif;png;wav;mfcribbon-ms</Extensions>
    </Filter>
  </ItemGroup>
  <ItemGroup>
    <ClCompile Include="c_file.cpp">
      <Filter>Source Files</Filter>
    </ClCompile>
    <ClCompile Include="c_init.cpp">
      <Filter>Source Files</Filter>
    </ClCompile>
    <ClCompile Include="c_none.cpp">
      <Filter>Source Files</Filter>
    </ClCompile>
    <ClCompile Include="c_screen.cpp">
      <Filter>Source Files</Filter>
    </ClCompile>
    <ClCompile Include="compress.cpp">
      <Filter>Source Files</Filter>
    </ClCompile>
    <ClCompile Include="compress_lzma.cpp">
      <Filter>Source Files</Filter>
    </ClCompile>
    <ClCompile Include="compress_ucl.cpp">
      <Filter>Source Files</Filter>
    </ClCompile>
    <ClCompile Include="compress_zlib.cpp">
      <Filter>Source Files</Filter>
    </ClCompile>
    <ClCompile Include="except.cpp">
      <Filter>Source Files</Filter>
    </ClCompile>
    <ClCompile Include="file.cpp">
      <Filter>Source Files</Filter>
    </ClCompile>
    <ClCompile Include="filter.cpp">
      <Filter>Source Files</Filter>
    </ClCompile>
    <ClCompile Include="filteri.cpp">
      <Filter>Source Files</Filter>
    </ClCompile>
    <ClCompile Include="help.cpp">
      <Filter>Source Files</Filter>
    </ClCompile>
    <ClCompile Include="lefile.cpp">
      <Filter>Source Files</Filter>
    </ClCompile>
    <ClCompile Include="linker.cpp">
      <Filter>Source Files</Filter>
    </ClCompile>
    <ClCompile Include="main.cpp">
      <Filter>Source Files</Filter>
    </ClCompile>
    <ClCompile Include="mem.cpp">
      <Filter>Source Files</Filter>
    </ClCompile>
    <ClCompile Include="msg.cpp">
      <Filter>Source Files</Filter>
    </ClCompile>
    <ClCompile Include="p_armpe.cpp">
      <Filter>Source Files</Filter>
    </ClCompile>
    <ClCompile Include="p_com.cpp">
      <Filter>Source Files</Filter>
    </ClCompile>
    <ClCompile Include="p_djgpp2.cpp">
      <Filter>Source Files</Filter>
    </ClCompile>
    <ClCompile Include="p_exe.cpp">
      <Filter>Source Files</Filter>
    </ClCompile>
    <ClCompile Include="p_lx_elf.cpp">
      <Filter>Source Files</Filter>
    </ClCompile>
    <ClCompile Include="p_lx_exc.cpp">
      <Filter>Source Files</Filter>
    </ClCompile>
    <ClCompile Include="p_lx_interp.cpp">
      <Filter>Source Files</Filter>
    </ClCompile>
    <ClCompile Include="p_lx_sh.cpp">
      <Filter>Source Files</Filter>
    </ClCompile>
    <ClCompile Include="p_mach.cpp">
      <Filter>Source Files</Filter>
    </ClCompile>
    <ClCompile Include="p_ps1.cpp">
      <Filter>Source Files</Filter>
    </ClCompile>
    <ClCompile Include="p_sys.cpp">
      <Filter>Source Files</Filter>
    </ClCompile>
    <ClCompile Include="p_tmt.cpp">
      <Filter>Source Files</Filter>
    </ClCompile>
    <ClCompile Include="p_tos.cpp">
      <Filter>Source Files</Filter>
    </ClCompile>
    <ClCompile Include="p_unix.cpp">
      <Filter>Source Files</Filter>
    </ClCompile>
    <ClCompile Include="p_vmlinx.cpp">
      <Filter>Source Files</Filter>
    </ClCompile>
    <ClCompile Include="p_vmlinz.cpp">
      <Filter>Source Files</Filter>
    </ClCompile>
    <ClCompile Include="p_w32pe.cpp">
      <Filter>Source Files</Filter>
    </ClCompile>
    <ClCompile Include="p_w64pep.cpp">
      <Filter>Source Files</Filter>
    </ClCompile>
    <ClCompile Include="p_wcle.cpp">
      <Filter>Source Files</Filter>
    </ClCompile>
    <ClCompile Include="packer.cpp">
      <Filter>Source Files</Filter>
    </ClCompile>
    <ClCompile Include="packer_c.cpp">
      <Filter>Source Files</Filter>
    </ClCompile>
    <ClCompile Include="packer_f.cpp">
      <Filter>Source Files</Filter>
    </ClCompile>
    <ClCompile Include="packhead.cpp">
      <Filter>Source Files</Filter>
    </ClCompile>
    <ClCompile Include="packmast.cpp">
      <Filter>Source Files</Filter>
    </ClCompile>
    <ClCompile Include="pefile.cpp">
      <Filter>Source Files</Filter>
    </ClCompile>
    <ClCompile Include="s_djgpp2.cpp">
      <Filter>Source Files</Filter>
    </ClCompile>
    <ClCompile Include="s_object.cpp">
      <Filter>Source Files</Filter>
    </ClCompile>
    <ClCompile Include="s_vcsa.cpp">
      <Filter>Source Files</Filter>
    </ClCompile>
    <ClCompile Include="s_win32.cpp">
      <Filter>Source Files</Filter>
    </ClCompile>
    <ClCompile Include="snprintf.cpp">
      <Filter>Source Files</Filter>
    </ClCompile>
    <ClCompile Include="stdcxx.cpp">
      <Filter>Source Files</Filter>
    </ClCompile>
    <ClCompile Include="ui.cpp">
      <Filter>Source Files</Filter>
    </ClCompile>
    <ClCompile Include="util.cpp">
      <Filter>Source Files</Filter>
    </ClCompile>
    <ClCompile Include="work.cpp">
      <Filter>Source Files</Filter>
    </ClCompile>
  </ItemGroup>
  <ItemGroup>
    <ClInclude Include="bele.h">
      <Filter>Header Files</Filter>
    </ClInclude>
    <ClInclude Include="bele_policy.h">
      <Filter>Header Files</Filter>
    </ClInclude>
    <ClInclude Include="bptr.h">
      <Filter>Header Files</Filter>
    </ClInclude>
    <ClInclude Include="compress.h">
      <Filter>Header Files</Filter>
    </ClInclude>
    <ClInclude Include="conf.h">
      <Filter>Header Files</Filter>
    </ClInclude>
    <ClInclude Include="console.h">
      <Filter>Header Files</Filter>
    </ClInclude>
    <ClInclude Include="except.h">
      <Filter>Header Files</Filter>
    </ClInclude>
    <ClInclude Include="file.h">
      <Filter>Header Files</Filter>
    </ClInclude>
    <ClInclude Include="filter.h">
      <Filter>Header Files</Filter>
    </ClInclude>
    <ClInclude Include="lefile.h">
      <Filter>Header Files</Filter>
    </ClInclude>
    <ClInclude Include="linker.h">
      <Filter>Header Files</Filter>
    </ClInclude>
    <ClInclude Include="mem.h">
      <Filter>Header Files</Filter>
    </ClInclude>
    <ClInclude Include="miniacc.h">
      <Filter>Header Files</Filter>
    </ClInclude>
    <ClInclude Include="options.h">
      <Filter>Header Files</Filter>
    </ClInclude>
    <ClInclude Include="p_armpe.h">
      <Filter>Header Files</Filter>
    </ClInclude>
    <ClInclude Include="p_com.h">
      <Filter>Header Files</Filter>
    </ClInclude>
    <ClInclude Include="p_djgpp2.h">
      <Filter>Header Files</Filter>
    </ClInclude>
    <ClInclude Include="p_elf.h">
      <Filter>Header Files</Filter>
    </ClInclude>
    <ClInclude Include="p_elf_enum.h">
      <Filter>Header Files</Filter>
    </ClInclude>
    <ClInclude Include="p_exe.h">
      <Filter>Header Files</Filter>
    </ClInclude>
    <ClInclude Include="p_lx_elf.h">
      <Filter>Header Files</Filter>
    </ClInclude>
    <ClInclude Include="p_lx_exc.h">
      <Filter>Header Files</Filter>
    </ClInclude>
    <ClInclude Include="p_lx_interp.h">
      <Filter>Header Files</Filter>
    </ClInclude>
    <ClInclude Include="p_lx_sh.h">
      <Filter>Header Files</Filter>
    </ClInclude>
    <ClInclude Include="p_mach.h">
      <Filter>Header Files</Filter>
    </ClInclude>
    <ClInclude Include="p_mach_enum.h">
      <Filter>Header Files</Filter>
    </ClInclude>
    <ClInclude Include="p_ps1.h">
      <Filter>Header Files</Filter>
    </ClInclude>
    <ClInclude Include="p_sys.h">
      <Filter>Header Files</Filter>
    </ClInclude>
    <ClInclude Include="p_tmt.h">
      <Filter>Header Files</Filter>
    </ClInclude>
    <ClInclude Include="p_tos.h">
      <Filter>Header Files</Filter>
    </ClInclude>
    <ClInclude Include="p_unix.h">
      <Filter>Header Files</Filter>
    </ClInclude>
    <ClInclude Include="p_vmlinx.h">
      <Filter>Header Files</Filter>
    </ClInclude>
    <ClInclude Include="p_vmlinz.h">
      <Filter>Header Files</Filter>
    </ClInclude>
    <ClInclude Include="p_w32pe.h">
      <Filter>Header Files</Filter>
    </ClInclude>
    <ClInclude Include="p_w64pep.h">
      <Filter>Header Files</Filter>
    </ClInclude>
    <ClInclude Include="p_wcle.h">
      <Filter>Header Files</Filter>
    </ClInclude>
    <ClInclude Include="packer.h">
      <Filter>Header Files</Filter>
    </ClInclude>
    <ClInclude Include="packmast.h">
      <Filter>Header Files</Filter>
    </ClInclude>
    <ClInclude Include="pefile.h">
      <Filter>Header Files</Filter>
    </ClInclude>
    <ClInclude Include="screen.h">
      <Filter>Header Files</Filter>
    </ClInclude>
    <ClInclude Include="snprintf.h">
      <Filter>Header Files</Filter>
    </ClInclude>
    <ClInclude Include="stdcxx.h">
      <Filter>Header Files</Filter>
    </ClInclude>
    <ClInclude Include="ui.h">
      <Filter>Header Files</Filter>
    </ClInclude>
    <ClInclude Include="util.h">
      <Filter>Header Files</Filter>
    </ClInclude>
    <ClInclude Include="version.h">
      <Filter>Header Files</Filter>
    </ClInclude>
  </ItemGroup>
  <ItemGroup>
    <ResourceCompile Include="resource.rc">
      <Filter>Resource Files</Filter>
    </ResourceCompile>
  </ItemGroup>
  <ItemGroup>
    <Manifest Include="upx.exe.manifest">
      <Filter>Resource Files</Filter>
    </Manifest>
  </ItemGroup>
</Project>